<?xml version="1.0" encoding="utf-8"?>
<Project ToolsVersion="4.0" xmlns="http://schemas.microsoft.com/developer/msbuild/2003">
  <ItemGroup>
    <Filter Include="Общие">
      <UniqueIdentifier>c5535e45-6eaf-4d75-b91b-d0af95044f69</UniqueIdentifier>
    </Filter>
    <Filter Include="Ресурсы">
      <UniqueIdentifier>1703f65e-ce1e-4e93-90cd-64098e2065ad</UniqueIdentifier>
      <Extensions>bmp;fbx;gif;jpg;jpeg;tga;tiff;tif;png</Extensions>
    </Filter>
    <Filter Include="Содержимое">
      <UniqueIdentifier>aca1dc03-5162-4a0d-a58a-d32d5ab3fb29</UniqueIdentifier>
    </Filter>
    <ClInclude Include="Common\d3dx12.h">
      <Filter>Общие</Filter>
    </ClInclude>
    <ClInclude Include="Common\DirectXHelper.h">
      <Filter>Общие</Filter>
    </ClInclude>
    <ClInclude Include="Common\StepTimer.h">
      <Filter>Общие</Filter>
    </ClInclude>
    <ClInclude Include="Common\DeviceResources.h">
      <Filter>Общие</Filter>
    </ClInclude>
    <ClCompile Include="Common\DeviceResources.cpp">
      <Filter>Общие</Filter>
    </ClCompile>
    <ClInclude Include="Content\Sample3DSceneRenderer.h">
      <Filter>Содержимое</Filter>
    </ClInclude>
    <ClInclude Include="Content\ShaderStructures.h">
      <Filter>Содержимое</Filter>
    </ClInclude>
    <ClCompile Include="Content\Sample3DSceneRenderer.cpp">
      <Filter>Содержимое</Filter>
    </ClCompile>
    <FxCompile Include="Content\SamplePixelShader.hlsl">
      <Filter>Содержимое</Filter>
    </FxCompile>
    <FxCompile Include="Content\SampleVertexShader.hlsl">
      <Filter>Содержимое</Filter>
    </FxCompile>
    <Filter Include="Ресурсы\Math">
      <UniqueIdentifier>{7129716c-1d6e-481c-bcdc-b6cfd7b8bf1c}</UniqueIdentifier>
    </Filter>
    <Filter Include="Ресурсы\PlanetData">
      <UniqueIdentifier>{5d6e94b7-89af-4fba-b012-7db6476845e6}</UniqueIdentifier>
    </Filter>
    <Filter Include="Ресурсы\Compiler/Directx">
      <UniqueIdentifier>{68a04412-c582-449b-8ed7-d0d54eb3e187}</UniqueIdentifier>
    </Filter>
  </ItemGroup>
  <ItemGroup>
    <ClCompile Include="App.cpp" />
    <ClCompile Include="PlanetGenMain.cpp" />
    <ClCompile Include="pch.cpp">
      <Filter>Ресурсы\Compiler/Directx</Filter>
    </ClCompile>
    <ClCompile Include="mesh.cpp">
      <Filter>Ресурсы\Math</Filter>
    </ClCompile>
    <ClCompile Include="Content\PlanetGen\Math.cpp">
      <Filter>Ресурсы\Math</Filter>
    </ClCompile>
  </ItemGroup>
  <ItemGroup>
    <ClInclude Include="App.h" />
    <ClInclude Include="PlanetGenMain.h" />
    <ClInclude Include="Content\PlanetGen\Delanuay.h">
      <Filter>Ресурсы\Math</Filter>
    </ClInclude>
    <ClInclude Include="Content\PlanetGen\Voronoi.h">
      <Filter>Ресурсы\Math</Filter>
    </ClInclude>
    <ClInclude Include="Content\PlanetGen\PlanetData.h">
      <Filter>Ресурсы\PlanetData</Filter>
    </ClInclude>
    <ClInclude Include="Content\PlanetGen\Plates.h">
      <Filter>Ресурсы\PlanetData</Filter>
    </ClInclude>
    <ClInclude Include="pch.h">
      <Filter>Ресурсы\Compiler/Directx</Filter>
    </ClInclude>
    <ClInclude Include="mesh.h">
      <Filter>Ресурсы\Math</Filter>
    </ClInclude>
    <ClInclude Include="Content\PlanetGen\Math.h">
      <Filter>Ресурсы\Math</Filter>
    </ClInclude>
  </ItemGroup>
  <ItemGroup>
    <None Include="Content\PlanetGen\PlanetGen.vcxproj">
      <Filter>Ресурсы\Compiler/Directx</Filter>
    </None>
    <None Include="PlanetGen_TemporaryKey.pfx">
      <Filter>Ресурсы\Compiler/Directx</Filter>
    </None>
  </ItemGroup>
  <ItemGroup>
    <Image Include="Assets\LockScreenLogo.scale-200.png">
      <Filter>Ресурсы\Compiler/Directx</Filter>
    </Image>
    <Image Include="Assets\SplashScreen.scale-200.png">
      <Filter>Ресурсы\Compiler/Directx</Filter>
    </Image>
    <Image Include="Assets\Square44x44Logo.scale-200.png">
      <Filter>Ресурсы\Compiler/Directx</Filter>
    </Image>
    <Image Include="Assets\Square44x44Logo.targetsize-24_altform-unplated.png">
      <Filter>Ресурсы\Compiler/Directx</Filter>
    </Image>
    <Image Include="Assets\Square150x150Logo.scale-200.png">
      <Filter>Ресурсы\Compiler/Directx</Filter>
    </Image>
    <Image Include="Assets\StoreLogo.png">
      <Filter>Ресурсы\Compiler/Directx</Filter>
    </Image>
    <Image Include="Assets\Wide310x150Logo.scale-200.png">
      <Filter>Ресурсы\Compiler/Directx</Filter>
    </Image>
  </ItemGroup>
  <ItemGroup>
    <AppxManifest Include="Package.appxmanifest">
      <Filter>Ресурсы\Compiler/Directx</Filter>
    </AppxManifest>
  </ItemGroup>
</Project>