<?xml version="1.0" encoding="utf-8"?>
<Project ToolsVersion="4.0" xmlns="http://schemas.microsoft.com/developer/msbuild/2003">
  <ItemGroup>
    <Filter Include="Исходные файлы">
      <UniqueIdentifier>{4FC737F1-C7A5-4376-A066-2A32D752A2FF}</UniqueIdentifier>
      <Extensions>cpp;c;cc;cxx;def;odl;idl;hpj;bat;asm;asmx</Extensions>
    </Filter>
    <Filter Include="Файлы заголовков">
      <UniqueIdentifier>{93995380-89BD-4b04-88EB-625FBE52EBFB}</UniqueIdentifier>
      <Extensions>h;hh;hpp;hxx;hm;inl;inc;ipp;xsd</Extensions>
    </Filter>
    <Filter Include="Файлы ресурсов">
      <UniqueIdentifier>{67DA6AB6-F800-4c08-8B7A-83BB121AAD01}</UniqueIdentifier>
      <Extensions>rc;ico;cur;bmp;dlg;rc2;rct;bin;rgs;gif;jpg;jpeg;jpe;resx;tiff;tif;png;wav;mfcribbon-ms</Extensions>
    </Filter>
    <Filter Include="Файлы заголовков\Math">
      <UniqueIdentifier>{c8f56897-4ef4-4d3f-9222-35fbd2a920fa}</UniqueIdentifier>
    </Filter>
    <Filter Include="Файлы ресурсов\Math">
      <UniqueIdentifier>{a1ee9cbc-7953-461b-8086-8289d2392aa6}</UniqueIdentifier>
    </Filter>
    <Filter Include="Файлы заголовков\GL">
      <UniqueIdentifier>{8f3dfc1c-0c78-471d-9d4a-a7cb396b5693}</UniqueIdentifier>
    </Filter>
    <Filter Include="Файлы ресурсов\GL">
      <UniqueIdentifier>{5c924c50-aa0b-44df-a4ee-6dfc8e75c438}</UniqueIdentifier>
    </Filter>
    <Filter Include="Файлы заголовков\Generator">
      <UniqueIdentifier>{116befcb-f36f-4cc2-8101-c71b9aa31669}</UniqueIdentifier>
    </Filter>
    <Filter Include="Файлы ресурсов\Generator">
      <UniqueIdentifier>{31a6e5c4-8908-4466-aaae-3e61da185bd0}</UniqueIdentifier>
    </Filter>
    <Filter Include="Файлы заголовков\imgui">
      <UniqueIdentifier>{432f9d6f-2c91-4526-a0a2-cff3b5b7dbd1}</UniqueIdentifier>
    </Filter>
    <Filter Include="Исходные файлы\Points">
      <UniqueIdentifier>{65c3c7f5-8fd0-4f04-9f85-45aafbb16311}</UniqueIdentifier>
    </Filter>
    <Filter Include="Исходные файлы\Lines">
      <UniqueIdentifier>{a22763e3-8318-4294-ac2b-f9a087f0fa69}</UniqueIdentifier>
    </Filter>
    <Filter Include="Исходные файлы\Voronoi">
      <UniqueIdentifier>{ddd7d243-5ac3-4b27-a899-fdb6f637d4f5}</UniqueIdentifier>
    </Filter>
    <Filter Include="Исходные файлы\Noise">
      <UniqueIdentifier>{0ba88ec3-6003-475f-a342-01b8dab67a9b}</UniqueIdentifier>
    </Filter>
    <Filter Include="Исходные файлы\SkyBox">
      <UniqueIdentifier>{0e0c18eb-a22b-4e2f-bf90-5c6bcccb32f2}</UniqueIdentifier>
    </Filter>
    <Filter Include="Исходные файлы\ProjectionsVert">
      <UniqueIdentifier>{927cc9de-5e0d-4a4d-861c-05efde5da8cc}</UniqueIdentifier>
    </Filter>
    <Filter Include="Исходные файлы\FrameQuad">
      <UniqueIdentifier>{a5f342a3-70bc-4a34-aac8-5b345e0718c8}</UniqueIdentifier>
    </Filter>
  </ItemGroup>
  <ItemGroup>
    <ClCompile Include="App.cpp">
      <Filter>Файлы ресурсов</Filter>
    </ClCompile>
    <ClCompile Include="Camera.cpp">
      <Filter>Файлы ресурсов\GL</Filter>
    </ClCompile>
    <ClCompile Include="mesh.cpp">
      <Filter>Файлы ресурсов\GL</Filter>
    </ClCompile>
    <ClCompile Include="Math.cpp">
      <Filter>Файлы ресурсов\Math</Filter>
    </ClCompile>
    <ClCompile Include="ColorMap.cpp">
      <Filter>Файлы ресурсов\GL</Filter>
    </ClCompile>
    <ClCompile Include="SimplexNoise.cpp">
      <Filter>Файлы ресурсов\Math</Filter>
    </ClCompile>
    <ClCompile Include="delaunator.cpp">
      <Filter>Файлы ресурсов\Math</Filter>
    </ClCompile>
    <ClCompile Include="Shader.cpp">
      <Filter>Файлы ресурсов\GL</Filter>
    </ClCompile>
    <ClCompile Include="Planet.cpp">
      <Filter>Файлы ресурсов\Generator</Filter>
    </ClCompile>
    <ClCompile Include="VAO.cpp">
      <Filter>Файлы ресурсов\GL</Filter>
    </ClCompile>
    <ClCompile Include="imgui\imgui.cpp">
      <Filter>Файлы заголовков\imgui</Filter>
    </ClCompile>
    <ClCompile Include="imgui\imgui_demo.cpp">
      <Filter>Файлы заголовков\imgui</Filter>
    </ClCompile>
    <ClCompile Include="imgui\imgui_draw.cpp">
      <Filter>Файлы заголовков\imgui</Filter>
    </ClCompile>
    <ClCompile Include="imgui\imgui_widgets.cpp">
      <Filter>Файлы заголовков\imgui</Filter>
    </ClCompile>
    <ClCompile Include="imgui\imgui_impl_glfw.cpp">
      <Filter>Файлы заголовков\imgui</Filter>
    </ClCompile>
    <ClCompile Include="imgui\imgui_impl_opengl3.cpp">
      <Filter>Файлы заголовков\imgui</Filter>
    </ClCompile>
    <ClCompile Include="StructToFlat.cpp">
      <Filter>Файлы ресурсов\Generator</Filter>
    </ClCompile>
    <ClCompile Include="Texture.cpp">
      <Filter>Файлы ресурсов\GL</Filter>
    </ClCompile>
    <ClCompile Include="SkyBox.cpp">
      <Filter>Файлы ресурсов</Filter>
    </ClCompile>
    <ClCompile Include="stb_image.c">
      <Filter>Файлы заголовков\imgui</Filter>
    </ClCompile>
  </ItemGroup>
  <ItemGroup>
    <ClInclude Include="delaunator.hpp">
      <Filter>Файлы заголовков\Math</Filter>
    </ClInclude>
    <ClInclude Include="App.h">
      <Filter>Файлы заголовков</Filter>
    </ClInclude>
    <ClInclude Include="Camera.h">
      <Filter>Файлы заголовков\GL</Filter>
    </ClInclude>
    <ClInclude Include="mesh.h">
      <Filter>Файлы заголовков\GL</Filter>
    </ClInclude>
    <ClInclude Include="ExtendedMath.hpp">
      <Filter>Файлы заголовков\Math</Filter>
    </ClInclude>
    <ClInclude Include="ColorMap.h">
      <Filter>Файлы заголовков\GL</Filter>
    </ClInclude>
    <ClInclude Include="SimplexNoise.h">
      <Filter>Файлы заголовков\Math</Filter>
    </ClInclude>
    <ClInclude Include="Shader.hpp">
      <Filter>Файлы заголовков\GL</Filter>
    </ClInclude>
    <ClInclude Include="Plates.hpp">
      <Filter>Файлы заголовков\Generator</Filter>
    </ClInclude>
    <ClInclude Include="QuadGeometry.hpp">
      <Filter>Файлы заголовков\Generator</Filter>
    </ClInclude>
    <ClInclude Include="Map.hpp">
      <Filter>Файлы заголовков\Generator</Filter>
    </ClInclude>
    <ClInclude Include="StructToFlat.hpp">
      <Filter>Файлы заголовков\Generator</Filter>
    </ClInclude>
    <ClInclude Include="Voronoi.hpp">
      <Filter>Файлы заголовков\Generator</Filter>
    </ClInclude>
    <ClInclude Include="VAO.hpp">
      <Filter>Файлы заголовков\GL</Filter>
    </ClInclude>
    <ClInclude Include="imgui\imconfig.h">
      <Filter>Файлы заголовков\imgui</Filter>
    </ClInclude>
    <ClInclude Include="imgui\imgui.h">
      <Filter>Файлы заголовков\imgui</Filter>
    </ClInclude>
    <ClInclude Include="imgui\imgui_internal.h">
      <Filter>Файлы заголовков\imgui</Filter>
    </ClInclude>
    <ClInclude Include="imgui\imstb_rectpack.h">
      <Filter>Файлы заголовков\imgui</Filter>
    </ClInclude>
    <ClInclude Include="imgui\imstb_textedit.h">
      <Filter>Файлы заголовков\imgui</Filter>
    </ClInclude>
    <ClInclude Include="imgui\imstb_truetype.h">
      <Filter>Файлы заголовков\imgui</Filter>
    </ClInclude>
    <ClInclude Include="imgui\imgui_impl_glfw.h">
      <Filter>Файлы заголовков\imgui</Filter>
    </ClInclude>
    <ClInclude Include="imgui\imgui_impl_opengl3.h">
      <Filter>Файлы заголовков\imgui</Filter>
    </ClInclude>
    <ClInclude Include="Texture.hpp">
      <Filter>Файлы заголовков\GL</Filter>
    </ClInclude>
    <ClInclude Include="Object.hpp">
      <Filter>Файлы заголовков</Filter>
    </ClInclude>
    <ClInclude Include="Planet.hpp">
      <Filter>Файлы заголовков</Filter>
    </ClInclude>
    <ClInclude Include="SkyBox.hpp">
      <Filter>Файлы заголовков</Filter>
    </ClInclude>
  </ItemGroup>
  <ItemGroup>
    <None Include="Shaders\FragmentShader.frag">
      <Filter>Исходные файлы\FrameQuad</Filter>
    </None>
    <None Include="Shaders\VertexShader.vert">
      <Filter>Исходные файлы\FrameQuad</Filter>
    </None>
    <None Include="Shaders\Lines.frag">
      <Filter>Исходные файлы\Lines</Filter>
    </None>
    <None Include="Shaders\Lines.vert">
      <Filter>Исходные файлы\Lines</Filter>
    </None>
    <None Include="Shaders\Points.frag">
      <Filter>Исходные файлы\Points</Filter>
    </None>
    <None Include="Shaders\Points.vert">
      <Filter>Исходные файлы\Points</Filter>
    </None>
    <None Include="Shaders\skybox.frag">
      <Filter>Исходные файлы\SkyBox</Filter>
    </None>
    <None Include="Shaders\skybox.vert">
      <Filter>Исходные файлы\SkyBox</Filter>
    </None>
    <None Include="Shaders\Triangles.vert">
      <Filter>Исходные файлы\Voronoi</Filter>
    </None>
    <None Include="Shaders\Triangles.frag">
      <Filter>Исходные файлы\Voronoi</Filter>
    </None>
    <None Include="Shaders\EckertiV.vert">
      <Filter>Исходные файлы\ProjectionsVert</Filter>
    </None>
    <None Include="Shaders\FrameQuad.frag">
      <Filter>Исходные файлы\Noise</Filter>
    </None>
    <None Include="Shaders\FrameQuad.vert">
      <Filter>Исходные файлы\Noise</Filter>
    </None>
    <None Include="Shaders\Gauss.frag">
      <Filter>Исходные файлы\Noise</Filter>
    </None>
    <None Include="Shaders\PBR.frag">
      <Filter>Исходные файлы\Noise</Filter>
    </None>
  </ItemGroup>
  <ItemGroup>
    <Image Include="Assets\cwd_bk.JPG">
      <Filter>Исходные файлы</Filter>
    </Image>
    <Image Include="Assets\cwd_dn.JPG">
      <Filter>Исходные файлы</Filter>
    </Image>
    <Image Include="Assets\cwd_lf.JPG">
      <Filter>Исходные файлы</Filter>
    </Image>
    <Image Include="Assets\cwd_rt.JPG">
      <Filter>Исходные файлы</Filter>
    </Image>
    <Image Include="Assets\cwd_up.JPG">
      <Filter>Исходные файлы</Filter>
    </Image>
  </ItemGroup>
</Project>